
Microsoft Visual Studio Solution File, Format Version 12.00
# Visual Studio Version 17
VisualStudioVersion = 17.7.34202.233
MinimumVisualStudioVersion = 10.0.40219.1
Project("{FAE04EC0-301F-11D3-BF4B-00C04F79EFBC}") = "SubCategoriesTask", "SubCategoriesTask.csproj", "{37E0E83D-6CBD-4535-B199-3513FAA1F556}"
EndProject
Global
	GlobalSection(SolutionConfigurationPlatforms) = preSolution
		Debug|Any CPU = Debug|Any CPU
		Release|Any CPU = Release|Any CPU
	EndGlobalSection
	GlobalSection(ProjectConfigurationPlatforms) = postSolution
		{37E0E83D-6CBD-4535-B199-3513FAA1F556}.Debug|Any CPU.ActiveCfg = Debug|Any CPU
		{37E0E83D-6CBD-4535-B199-3513FAA1F556}.Debug|Any CPU.Build.0 = Debug|Any CPU
		{37E0E83D-6CBD-4535-B199-3513FAA1F556}.Release|Any CPU.ActiveCfg = Release|Any CPU
		{37E0E83D-6CBD-4535-B199-3513FAA1F556}.Release|Any CPU.Build.0 = Release|Any CPU
	EndGlobalSection
	GlobalSection(SolutionProperties) = preSolution
		HideSolutionNode = FALSE
	EndGlobalSection
	GlobalSection(ExtensibilityGlobals) = postSolution
		SolutionGuid = {2ABC8455-EB50-44BB-99F9-C1344802AEAF}
	EndGlobalSection
EndGlobal
